
Microsoft Visual Studio Solution File, Format Version 12.00
# Visual Studio 15
VisualStudioVersion = 15.0.28307.705
MinimumVisualStudioVersion = 10.0.40219.1
Project("{9A19103F-16F7-4668-BE54-9A1E7A4F7556}") = "Client", "Client\Client.csproj", "{4EAD5283-533C-4D5C-9BB4-D44FE88A6ECB}"
EndProject
Project("{9A19103F-16F7-4668-BE54-9A1E7A4F7556}") = "Server", "Server\Server.csproj", "{49455C7C-1FE1-4F59-A199-3BB1D6342E84}"
EndProject
Project("{9A19103F-16F7-4668-BE54-9A1E7A4F7556}") = "MQTTnet.TestApp.NetCore", "..\MQTTnet\Tests\MQTTnet.TestApp.NetCore\MQTTnet.TestApp.NetCore.csproj", "{9F0397D1-77C3-4FC2-B8F5-19568A50BF09}"
EndProject
Global
	GlobalSection(SolutionConfigurationPlatforms) = preSolution
		Debug|Any CPU = Debug|Any CPU
		Release|Any CPU = Release|Any CPU
	EndGlobalSection
	GlobalSection(ProjectConfigurationPlatforms) = postSolution
		{4EAD5283-533C-4D5C-9BB4-D44FE88A6ECB}.Debug|Any CPU.ActiveCfg = Debug|Any CPU
		{4EAD5283-533C-4D5C-9BB4-D44FE88A6ECB}.Debug|Any CPU.Build.0 = Debug|Any CPU
		{4EAD5283-533C-4D5C-9BB4-D44FE88A6ECB}.Release|Any CPU.ActiveCfg = Release|Any CPU
		{4EAD5283-533C-4D5C-9BB4-D44FE88A6ECB}.Release|Any CPU.Build.0 = Release|Any CPU
		{49455C7C-1FE1-4F59-A199-3BB1D6342E84}.Debug|Any CPU.ActiveCfg = Debug|Any CPU
		{49455C7C-1FE1-4F59-A199-3BB1D6342E84}.Debug|Any CPU.Build.0 = Debug|Any CPU
		{49455C7C-1FE1-4F59-A199-3BB1D6342E84}.Release|Any CPU.ActiveCfg = Release|Any CPU
		{49455C7C-1FE1-4F59-A199-3BB1D6342E84}.Release|Any CPU.Build.0 = Release|Any CPU
		{9F0397D1-77C3-4FC2-B8F5-19568A50BF09}.Debug|Any CPU.ActiveCfg = Debug|Any CPU
		{9F0397D1-77C3-4FC2-B8F5-19568A50BF09}.Debug|Any CPU.Build.0 = Debug|Any CPU
		{9F0397D1-77C3-4FC2-B8F5-19568A50BF09}.Release|Any CPU.ActiveCfg = Release|Any CPU
		{9F0397D1-77C3-4FC2-B8F5-19568A50BF09}.Release|Any CPU.Build.0 = Release|Any CPU
	EndGlobalSection
	GlobalSection(SolutionProperties) = preSolution
		HideSolutionNode = FALSE
	EndGlobalSection
	GlobalSection(ExtensibilityGlobals) = postSolution
		SolutionGuid = {9529A6D0-A8DC-461B-9E93-642FF4E367D3}
	EndGlobalSection
EndGlobal
